
Microsoft Visual Studio Solution File, Format Version 12.00
# Visual Studio 15
VisualStudioVersion = 15.0.27703.2035
MinimumVisualStudioVersion = 10.0.40219.1
Project("{2150E333-8FDC-42A3-9474-1A3956D46DE8}") = "5 - Tests", "5 - Tests", "{821B19D5-EEFA-48F7-A171-D07DEC827E1F}"
EndProject
Project("{9A19103F-16F7-4668-BE54-9A1E7A4F7556}") = "MV.Domain.Tests", "MV.Domain.Tests\MV.Domain.Tests.csproj", "{59AC1AA7-5D8F-4A52-B565-EDC74F0592E3}"
EndProject
Project("{2150E333-8FDC-42A3-9474-1A3956D46DE8}") = "0 - Core", "0 - Core", "{115FD350-5D60-4FC0-9C23-DB3F09D1F59A}"
EndProject
Project("{2150E333-8FDC-42A3-9474-1A3956D46DE8}") = "1 - Domain", "1 - Domain", "{DA7C3D08-B676-4AAB-AA38-366C70AB1DB8}"
EndProject
Project("{2150E333-8FDC-42A3-9474-1A3956D46DE8}") = "2 - Application", "2 - Application", "{33EEB270-C463-4A0F-AEED-80C89A80C997}"
EndProject
Project("{2150E333-8FDC-42A3-9474-1A3956D46DE8}") = "3 - Infrastructure", "3 - Infrastructure", "{051FF3CB-B574-4CAF-9EA4-D038859D9BDC}"
EndProject
Project("{2150E333-8FDC-42A3-9474-1A3956D46DE8}") = "4 - EntryPoints", "4 - EntryPoints", "{582243C8-6E29-43D8-89E6-F9E6B0745C51}"
EndProject
Project("{9A19103F-16F7-4668-BE54-9A1E7A4F7556}") = "MV.WebApi", "MV.WebApi\MV.WebApi.csproj", "{EEDB5C7E-373D-40BF-98F0-3F0E579D11B0}"
EndProject
Project("{9A19103F-16F7-4668-BE54-9A1E7A4F7556}") = "MV.Integration.Tests", "MV.Integration.Tests\MV.Integration.Tests.csproj", "{65B7E077-E752-412B-9C5E-430065CBEFA7}"
EndProject
Project("{9A19103F-16F7-4668-BE54-9A1E7A4F7556}") = "MV.Infrastructure", "MV.Infrastructure\MV.Infrastructure.csproj", "{B0FB6A6A-E69C-42D8-8791-34BABB92482A}"
EndProject
Project("{9A19103F-16F7-4668-BE54-9A1E7A4F7556}") = "MV.ApplicationService", "MV.ApplicationService\MV.ApplicationService.csproj", "{304DD8D4-6549-4D6C-B097-FEE6A5385E85}"
EndProject
Project("{9A19103F-16F7-4668-BE54-9A1E7A4F7556}") = "MV.Domain", "MV.Domain\MV.Domain.csproj", "{9E4A1BB7-8109-4CBD-9BB0-372418F605FF}"
EndProject
Project("{9A19103F-16F7-4668-BE54-9A1E7A4F7556}") = "MV.Common.Cqrs.Core", "MV.Common.Cqrs.Core\MV.Common.Cqrs.Core.csproj", "{488975A0-E2B9-4DAA-A88A-283A2F470FAB}"
EndProject
Project("{9A19103F-16F7-4668-BE54-9A1E7A4F7556}") = "MV.Common.Repository.Contracts.Core", "MV.Common.Repository.Contracts.Core\MV.Common.Repository.Contracts.Core.csproj", "{B4E171B6-C2EC-4D6A-913D-A253DADD7F09}"
EndProject
Project("{9A19103F-16F7-4668-BE54-9A1E7A4F7556}") = "MV.DbEFCore", "MV.DbEFCore\MV.DbEFCore.csproj", "{6C4A369D-A9A5-4073-8D39-7096F768D696}"
EndProject
Project("{9A19103F-16F7-4668-BE54-9A1E7A4F7556}") = "MV.Common.Repository.EFCore", "MV.Common.Repository.EFCore\MV.Common.Repository.EFCore.csproj", "{54B9D3FF-0389-43EB-B4B5-42DC79F65026}"
EndProject
Project("{9A19103F-16F7-4668-BE54-9A1E7A4F7556}") = "MV.Common.Logger", "MV.Common.Logger\MV.Common.Logger.csproj", "{DC87CFBF-E83D-4CC1-832F-4FBC84FB230B}"
EndProject
Project("{9A19103F-16F7-4668-BE54-9A1E7A4F7556}") = "MV.Common.Logger.Serilog", "MV.Common.Logger.Serilog\MV.Common.Logger.Serilog.csproj", "{AF0FA655-42D6-466D-918B-D43B39BE75AD}"
EndProject
Project("{9A19103F-16F7-4668-BE54-9A1E7A4F7556}") = "MV.Angular", "MV.Angular\MV.Angular.csproj", "{CF2AA3AC-40A8-41B1-BF37-7A1AE95A14B2}"
EndProject
Project("{9A19103F-16F7-4668-BE54-9A1E7A4F7556}") = "MV.Common.WebServer", "MV.Common.WebServer\MV.Common.WebServer.csproj", "{9DC59548-4C0E-48D2-B9B2-94106C48D846}"
EndProject
Global
	GlobalSection(SolutionConfigurationPlatforms) = preSolution
		Debug|Any CPU = Debug|Any CPU
		Release|Any CPU = Release|Any CPU
	EndGlobalSection
	GlobalSection(ProjectConfigurationPlatforms) = postSolution
		{59AC1AA7-5D8F-4A52-B565-EDC74F0592E3}.Debug|Any CPU.ActiveCfg = Debug|Any CPU
		{59AC1AA7-5D8F-4A52-B565-EDC74F0592E3}.Debug|Any CPU.Build.0 = Debug|Any CPU
		{59AC1AA7-5D8F-4A52-B565-EDC74F0592E3}.Release|Any CPU.ActiveCfg = Release|Any CPU
		{59AC1AA7-5D8F-4A52-B565-EDC74F0592E3}.Release|Any CPU.Build.0 = Release|Any CPU
		{EEDB5C7E-373D-40BF-98F0-3F0E579D11B0}.Debug|Any CPU.ActiveCfg = Debug|Any CPU
		{EEDB5C7E-373D-40BF-98F0-3F0E579D11B0}.Debug|Any CPU.Build.0 = Debug|Any CPU
		{EEDB5C7E-373D-40BF-98F0-3F0E579D11B0}.Release|Any CPU.ActiveCfg = Release|Any CPU
		{EEDB5C7E-373D-40BF-98F0-3F0E579D11B0}.Release|Any CPU.Build.0 = Release|Any CPU
		{65B7E077-E752-412B-9C5E-430065CBEFA7}.Debug|Any CPU.ActiveCfg = Debug|Any CPU
		{65B7E077-E752-412B-9C5E-430065CBEFA7}.Debug|Any CPU.Build.0 = Debug|Any CPU
		{65B7E077-E752-412B-9C5E-430065CBEFA7}.Release|Any CPU.ActiveCfg = Release|Any CPU
		{65B7E077-E752-412B-9C5E-430065CBEFA7}.Release|Any CPU.Build.0 = Release|Any CPU
		{B0FB6A6A-E69C-42D8-8791-34BABB92482A}.Debug|Any CPU.ActiveCfg = Debug|Any CPU
		{B0FB6A6A-E69C-42D8-8791-34BABB92482A}.Debug|Any CPU.Build.0 = Debug|Any CPU
		{B0FB6A6A-E69C-42D8-8791-34BABB92482A}.Release|Any CPU.ActiveCfg = Release|Any CPU
		{B0FB6A6A-E69C-42D8-8791-34BABB92482A}.Release|Any CPU.Build.0 = Release|Any CPU
		{304DD8D4-6549-4D6C-B097-FEE6A5385E85}.Debug|Any CPU.ActiveCfg = Debug|Any CPU
		{304DD8D4-6549-4D6C-B097-FEE6A5385E85}.Debug|Any CPU.Build.0 = Debug|Any CPU
		{304DD8D4-6549-4D6C-B097-FEE6A5385E85}.Release|Any CPU.ActiveCfg = Release|Any CPU
		{304DD8D4-6549-4D6C-B097-FEE6A5385E85}.Release|Any CPU.Build.0 = Release|Any CPU
		{9E4A1BB7-8109-4CBD-9BB0-372418F605FF}.Debug|Any CPU.ActiveCfg = Debug|Any CPU
		{9E4A1BB7-8109-4CBD-9BB0-372418F605FF}.Debug|Any CPU.Build.0 = Debug|Any CPU
		{9E4A1BB7-8109-4CBD-9BB0-372418F605FF}.Release|Any CPU.ActiveCfg = Release|Any CPU
		{9E4A1BB7-8109-4CBD-9BB0-372418F605FF}.Release|Any CPU.Build.0 = Release|Any CPU
		{488975A0-E2B9-4DAA-A88A-283A2F470FAB}.Debug|Any CPU.ActiveCfg = Debug|Any CPU
		{488975A0-E2B9-4DAA-A88A-283A2F470FAB}.Debug|Any CPU.Build.0 = Debug|Any CPU
		{488975A0-E2B9-4DAA-A88A-283A2F470FAB}.Release|Any CPU.ActiveCfg = Release|Any CPU
		{488975A0-E2B9-4DAA-A88A-283A2F470FAB}.Release|Any CPU.Build.0 = Release|Any CPU
		{B4E171B6-C2EC-4D6A-913D-A253DADD7F09}.Debug|Any CPU.ActiveCfg = Debug|Any CPU
		{B4E171B6-C2EC-4D6A-913D-A253DADD7F09}.Debug|Any CPU.Build.0 = Debug|Any CPU
		{B4E171B6-C2EC-4D6A-913D-A253DADD7F09}.Release|Any CPU.ActiveCfg = Release|Any CPU
		{B4E171B6-C2EC-4D6A-913D-A253DADD7F09}.Release|Any CPU.Build.0 = Release|Any CPU
		{6C4A369D-A9A5-4073-8D39-7096F768D696}.Debug|Any CPU.ActiveCfg = Debug|Any CPU
		{6C4A369D-A9A5-4073-8D39-7096F768D696}.Debug|Any CPU.Build.0 = Debug|Any CPU
		{6C4A369D-A9A5-4073-8D39-7096F768D696}.Release|Any CPU.ActiveCfg = Release|Any CPU
		{6C4A369D-A9A5-4073-8D39-7096F768D696}.Release|Any CPU.Build.0 = Release|Any CPU
		{54B9D3FF-0389-43EB-B4B5-42DC79F65026}.Debug|Any CPU.ActiveCfg = Debug|Any CPU
		{54B9D3FF-0389-43EB-B4B5-42DC79F65026}.Debug|Any CPU.Build.0 = Debug|Any CPU
		{54B9D3FF-0389-43EB-B4B5-42DC79F65026}.Release|Any CPU.ActiveCfg = Release|Any CPU
		{54B9D3FF-0389-43EB-B4B5-42DC79F65026}.Release|Any CPU.Build.0 = Release|Any CPU
		{DC87CFBF-E83D-4CC1-832F-4FBC84FB230B}.Debug|Any CPU.ActiveCfg = Debug|Any CPU
		{DC87CFBF-E83D-4CC1-832F-4FBC84FB230B}.Debug|Any CPU.Build.0 = Debug|Any CPU
		{DC87CFBF-E83D-4CC1-832F-4FBC84FB230B}.Release|Any CPU.ActiveCfg = Release|Any CPU
		{DC87CFBF-E83D-4CC1-832F-4FBC84FB230B}.Release|Any CPU.Build.0 = Release|Any CPU
		{AF0FA655-42D6-466D-918B-D43B39BE75AD}.Debug|Any CPU.ActiveCfg = Debug|Any CPU
		{AF0FA655-42D6-466D-918B-D43B39BE75AD}.Debug|Any CPU.Build.0 = Debug|Any CPU
		{AF0FA655-42D6-466D-918B-D43B39BE75AD}.Release|Any CPU.ActiveCfg = Release|Any CPU
		{AF0FA655-42D6-466D-918B-D43B39BE75AD}.Release|Any CPU.Build.0 = Release|Any CPU
		{CF2AA3AC-40A8-41B1-BF37-7A1AE95A14B2}.Debug|Any CPU.ActiveCfg = Debug|Any CPU
		{CF2AA3AC-40A8-41B1-BF37-7A1AE95A14B2}.Debug|Any CPU.Build.0 = Debug|Any CPU
		{CF2AA3AC-40A8-41B1-BF37-7A1AE95A14B2}.Release|Any CPU.ActiveCfg = Release|Any CPU
		{CF2AA3AC-40A8-41B1-BF37-7A1AE95A14B2}.Release|Any CPU.Build.0 = Release|Any CPU
		{9DC59548-4C0E-48D2-B9B2-94106C48D846}.Debug|Any CPU.ActiveCfg = Debug|Any CPU
		{9DC59548-4C0E-48D2-B9B2-94106C48D846}.Debug|Any CPU.Build.0 = Debug|Any CPU
		{9DC59548-4C0E-48D2-B9B2-94106C48D846}.Release|Any CPU.ActiveCfg = Release|Any CPU
		{9DC59548-4C0E-48D2-B9B2-94106C48D846}.Release|Any CPU.Build.0 = Release|Any CPU
	EndGlobalSection
	GlobalSection(SolutionProperties) = preSolution
		HideSolutionNode = FALSE
	EndGlobalSection
	GlobalSection(NestedProjects) = preSolution
		{59AC1AA7-5D8F-4A52-B565-EDC74F0592E3} = {821B19D5-EEFA-48F7-A171-D07DEC827E1F}
		{EEDB5C7E-373D-40BF-98F0-3F0E579D11B0} = {582243C8-6E29-43D8-89E6-F9E6B0745C51}
		{65B7E077-E752-412B-9C5E-430065CBEFA7} = {821B19D5-EEFA-48F7-A171-D07DEC827E1F}
		{B0FB6A6A-E69C-42D8-8791-34BABB92482A} = {051FF3CB-B574-4CAF-9EA4-D038859D9BDC}
		{304DD8D4-6549-4D6C-B097-FEE6A5385E85} = {33EEB270-C463-4A0F-AEED-80C89A80C997}
		{9E4A1BB7-8109-4CBD-9BB0-372418F605FF} = {DA7C3D08-B676-4AAB-AA38-366C70AB1DB8}
		{488975A0-E2B9-4DAA-A88A-283A2F470FAB} = {115FD350-5D60-4FC0-9C23-DB3F09D1F59A}
		{B4E171B6-C2EC-4D6A-913D-A253DADD7F09} = {115FD350-5D60-4FC0-9C23-DB3F09D1F59A}
		{6C4A369D-A9A5-4073-8D39-7096F768D696} = {051FF3CB-B574-4CAF-9EA4-D038859D9BDC}
		{54B9D3FF-0389-43EB-B4B5-42DC79F65026} = {115FD350-5D60-4FC0-9C23-DB3F09D1F59A}
		{DC87CFBF-E83D-4CC1-832F-4FBC84FB230B} = {115FD350-5D60-4FC0-9C23-DB3F09D1F59A}
		{AF0FA655-42D6-466D-918B-D43B39BE75AD} = {115FD350-5D60-4FC0-9C23-DB3F09D1F59A}
		{CF2AA3AC-40A8-41B1-BF37-7A1AE95A14B2} = {582243C8-6E29-43D8-89E6-F9E6B0745C51}
		{9DC59548-4C0E-48D2-B9B2-94106C48D846} = {115FD350-5D60-4FC0-9C23-DB3F09D1F59A}
	EndGlobalSection
	GlobalSection(ExtensibilityGlobals) = postSolution
		SolutionGuid = {F8A1BAD0-E53E-4F05-B6BB-6FBD417C98F0}
	EndGlobalSection
EndGlobal
